// !$*UTF8*$!
{
	archiveVersion = 1;
	classes = {
	};
	objectVersion = 46;
	objects = {

/* Begin PBXBuildFile section */
		71F67B51192C8D6A00E609F1 /* Foundation.framework in Frameworks */ = {isa = PBXBuildFile; fileRef = 71F67B50192C8D6A00E609F1 /* Foundation.framework */; };
		71F67B53192C8D6A00E609F1 /* CoreGraphics.framework in Frameworks */ = {isa = PBXBuildFile; fileRef = 71F67B52192C8D6A00E609F1 /* CoreGraphics.framework */; };
		71F67B55192C8D6A00E609F1 /* UIKit.framework in Frameworks */ = {isa = PBXBuildFile; fileRef = 71F67B54192C8D6A00E609F1 /* UIKit.framework */; };
		71F67B5B192C8D6A00E609F1 /* InfoPlist.strings in Resources */ = {isa = PBXBuildFile; fileRef = 71F67B59192C8D6A00E609F1 /* InfoPlist.strings */; };
		71F67B5D192C8D6A00E609F1 /* main.m in Sources */ = {isa = PBXBuildFile; fileRef = 71F67B5C192C8D6A00E609F1 /* main.m */; };
		71F67B61192C8D6A00E609F1 /* RAAppDelegate.m in Sources */ = {isa = PBXBuildFile; fileRef = 71F67B60192C8D6A00E609F1 /* RAAppDelegate.m */; };
		71F67B63192C8D6A00E609F1 /* Images.xcassets in Resources */ = {isa = PBXBuildFile; fileRef = 71F67B62192C8D6A00E609F1 /* Images.xcassets */; };
		71F67B6A192C8D6A00E609F1 /* XCTest.framework in Frameworks */ = {isa = PBXBuildFile; fileRef = 71F67B69192C8D6A00E609F1 /* XCTest.framework */; };
		71F67B6B192C8D6A00E609F1 /* Foundation.framework in Frameworks */ = {isa = PBXBuildFile; fileRef = 71F67B50192C8D6A00E609F1 /* Foundation.framework */; };
		71F67B6C192C8D6A00E609F1 /* UIKit.framework in Frameworks */ = {isa = PBXBuildFile; fileRef = 71F67B54192C8D6A00E609F1 /* UIKit.framework */; };
		71F67B74192C8D6A00E609F1 /* InfoPlist.strings in Resources */ = {isa = PBXBuildFile; fileRef = 71F67B72192C8D6A00E609F1 /* InfoPlist.strings */; };
		71F67B76192C8D6A00E609F1 /* Recipe_AppTests.m in Sources */ = {isa = PBXBuildFile; fileRef = 71F67B75192C8D6A00E609F1 /* Recipe_AppTests.m */; };
/* End PBXBuildFile section */

/* Begin PBXContainerItemProxy section */
		71F67B6D192C8D6A00E609F1 /* PBXContainerItemProxy */ = {
			isa = PBXContainerItemProxy;
			containerPortal = 71F67B45192C8D6A00E609F1 /* Project object */;
			proxyType = 1;
			remoteGlobalIDString = 71F67B4C192C8D6A00E609F1;
			remoteInfo = "Recipe App";
		};
/* End PBXContainerItemProxy section */

/* Begin PBXFileReference section */
		71F67B4D192C8D6A00E609F1 /* Recipe App.app */ = {isa = PBXFileReference; explicitFileType = wrapper.application; includeInIndex = 0; path = "Recipe App.app"; sourceTree = BUILT_PRODUCTS_DIR; };
		71F67B50192C8D6A00E609F1 /* Foundation.framework */ = {isa = PBXFileReference; lastKnownFileType = wrapper.framework; name = Foundation.framework; path = System/Library/Frameworks/Foundation.framework; sourceTree = SDKROOT; };
		71F67B52192C8D6A00E609F1 /* CoreGraphics.framework */ = {isa = PBXFileReference; lastKnownFileType = wrapper.framework; name = CoreGraphics.framework; path = System/Library/Frameworks/CoreGraphics.framework; sourceTree = SDKROOT; };
		71F67B54192C8D6A00E609F1 /* UIKit.framework */ = {isa = PBXFileReference; lastKnownFileType = wrapper.framework; name = UIKit.framework; path = System/Library/Frameworks/UIKit.framework; sourceTree = SDKROOT; };
		71F67B58192C8D6A00E609F1 /* Recipe App-Info.plist */ = {isa = PBXFileReference; lastKnownFileType = text.plist.xml; path = "Recipe App-Info.plist"; sourceTree = "<group>"; };
		71F67B5A192C8D6A00E609F1 /* en */ = {isa = PBXFileReference; lastKnownFileType = text.plist.strings; name = en; path = en.lproj/InfoPlist.strings; sourceTree = "<group>"; };
		71F67B5C192C8D6A00E609F1 /* main.m */ = {isa = PBXFileReference; lastKnownFileType = sourcecode.c.objc; path = main.m; sourceTree = "<group>"; };
		71F67B5E192C8D6A00E609F1 /* Recipe App-Prefix.pch */ = {isa = PBXFileReference; lastKnownFileType = sourcecode.c.h; path = "Recipe App-Prefix.pch"; sourceTree = "<group>"; };
		71F67B5F192C8D6A00E609F1 /* RAAppDelegate.h */ = {isa = PBXFileReference; lastKnownFileType = sourcecode.c.h; path = RAAppDelegate.h; sourceTree = "<group>"; };
		71F67B60192C8D6A00E609F1 /* RAAppDelegate.m */ = {isa = PBXFileReference; lastKnownFileType = sourcecode.c.objc; path = RAAppDelegate.m; sourceTree = "<group>"; };
		71F67B62192C8D6A00E609F1 /* Images.xcassets */ = {isa = PBXFileReference; lastKnownFileType = folder.assetcatalog; path = Images.xcassets; sourceTree = "<group>"; };
		71F67B68192C8D6A00E609F1 /* Recipe AppTests.xctest */ = {isa = PBXFileReference; explicitFileType = wrapper.cfbundle; includeInIndex = 0; path = "Recipe AppTests.xctest"; sourceTree = BUILT_PRODUCTS_DIR; };
		71F67B69192C8D6A00E609F1 /* XCTest.framework */ = {isa = PBXFileReference; lastKnownFileType = wrapper.framework; name = XCTest.framework; path = Library/Frameworks/XCTest.framework; sourceTree = DEVELOPER_DIR; };
		71F67B71192C8D6A00E609F1 /* Recipe AppTests-Info.plist */ = {isa = PBXFileReference; lastKnownFileType = text.plist.xml; path = "Recipe AppTests-Info.plist"; sourceTree = "<group>"; };
		71F67B73192C8D6A00E609F1 /* en */ = {isa = PBXFileReference; lastKnownFileType = text.plist.strings; name = en; path = en.lproj/InfoPlist.strings; sourceTree = "<group>"; };
		71F67B75192C8D6A00E609F1 /* Recipe_AppTests.m */ = {isa = PBXFileReference; lastKnownFileType = sourcecode.c.objc; path = Recipe_AppTests.m; sourceTree = "<group>"; };
/* End PBXFileReference section */

/* Begin PBXFrameworksBuildPhase section */
		71F67B4A192C8D6A00E609F1 /* Frameworks */ = {
			isa = PBXFrameworksBuildPhase;
			buildActionMask = 2147483647;
			files = (
				71F67B53192C8D6A00E609F1 /* CoreGraphics.framework in Frameworks */,
				71F67B55192C8D6A00E609F1 /* UIKit.framework in Frameworks */,
				71F67B51192C8D6A00E609F1 /* Foundation.framework in Frameworks */,
			);
			runOnlyForDeploymentPostprocessing = 0;
		};
		71F67B65192C8D6A00E609F1 /* Frameworks */ = {
			isa = PBXFrameworksBuildPhase;
			buildActionMask = 2147483647;
			files = (
				71F67B6A192C8D6A00E609F1 /* XCTest.framework in Frameworks */,
				71F67B6C192C8D6A00E609F1 /* UIKit.framework in Frameworks */,
				71F67B6B192C8D6A00E609F1 /* Foundation.framework in Frameworks */,
			);
			runOnlyForDeploymentPostprocessing = 0;
		};
/* End PBXFrameworksBuildPhase section */

/* Begin PBXGroup section */
		71F67B44192C8D6A00E609F1 = {
			isa = PBXGroup;
			children = (
				71F67B56192C8D6A00E609F1 /* Recipe App */,
				71F67B6F192C8D6A00E609F1 /* Recipe AppTests */,
				71F67B4F192C8D6A00E609F1 /* Frameworks */,
				71F67B4E192C8D6A00E609F1 /* Products */,
			);
			sourceTree = "<group>";
		};
		71F67B4E192C8D6A00E609F1 /* Products */ = {
			isa = PBXGroup;
			children = (
				71F67B4D192C8D6A00E609F1 /* Recipe App.app */,
				71F67B68192C8D6A00E609F1 /* Recipe AppTests.xctest */,
			);
			name = Products;
			sourceTree = "<group>";
		};
		71F67B4F192C8D6A00E609F1 /* Frameworks */ = {
			isa = PBXGroup;
			children = (
				71F67B50192C8D6A00E609F1 /* Foundation.framework */,
				71F67B52192C8D6A00E609F1 /* CoreGraphics.framework */,
				71F67B54192C8D6A00E609F1 /* UIKit.framework */,
				71F67B69192C8D6A00E609F1 /* XCTest.framework */,
			);
			name = Frameworks;
			sourceTree = "<group>";
		};
		71F67B56192C8D6A00E609F1 /* Recipe App */ = {
			isa = PBXGroup;
			children = (
				71F67B5F192C8D6A00E609F1 /* RAAppDelegate.h */,
				71F67B60192C8D6A00E609F1 /* RAAppDelegate.m */,
				71F67B62192C8D6A00E609F1 /* Images.xcassets */,
				71F67B57192C8D6A00E609F1 /* Supporting Files */,
			);
			path = "Recipe App";
			sourceTree = "<group>";
		};
		71F67B57192C8D6A00E609F1 /* Supporting Files */ = {
			isa = PBXGroup;
			children = (
				71F67B58192C8D6A00E609F1 /* Recipe App-Info.plist */,
				71F67B59192C8D6A00E609F1 /* InfoPlist.strings */,
				71F67B5C192C8D6A00E609F1 /* main.m */,
				71F67B5E192C8D6A00E609F1 /* Recipe App-Prefix.pch */,
			);
			name = "Supporting Files";
			sourceTree = "<group>";
		};
		71F67B6F192C8D6A00E609F1 /* Recipe AppTests */ = {
			isa = PBXGroup;
			children = (
				71F67B75192C8D6A00E609F1 /* Recipe_AppTests.m */,
				71F67B70192C8D6A00E609F1 /* Supporting Files */,
			);
			path = "Recipe AppTests";
			sourceTree = "<group>";
		};
		71F67B70192C8D6A00E609F1 /* Supporting Files */ = {
			isa = PBXGroup;
			children = (
				71F67B71192C8D6A00E609F1 /* Recipe AppTests-Info.plist */,
				71F67B72192C8D6A00E609F1 /* InfoPlist.strings */,
			);
			name = "Supporting Files";
			sourceTree = "<group>";
		};
/* End PBXGroup section */

/* Begin PBXNativeTarget section */
		71F67B4C192C8D6A00E609F1 /* Recipe App */ = {
			isa = PBXNativeTarget;
			buildConfigurationList = 71F67B79192C8D6A00E609F1 /* Build configuration list for PBXNativeTarget "Recipe App" */;
			buildPhases = (
				71F67B49192C8D6A00E609F1 /* Sources */,
				71F67B4A192C8D6A00E609F1 /* Frameworks */,
				71F67B4B192C8D6A00E609F1 /* Resources */,
			);
			buildRules = (
			);
			dependencies = (
			);
			name = "Recipe App";
			productName = "Recipe App";
			productReference = 71F67B4D192C8D6A00E609F1 /* Recipe App.app */;
			productType = "com.apple.product-type.application";
		};
		71F67B67192C8D6A00E609F1 /* Recipe AppTests */ = {
			isa = PBXNativeTarget;
			buildConfigurationList = 71F67B7C192C8D6A00E609F1 /* Build configuration list for PBXNativeTarget "Recipe AppTests" */;
			buildPhases = (
				71F67B64192C8D6A00E609F1 /* Sources */,
				71F67B65192C8D6A00E609F1 /* Frameworks */,
				71F67B66192C8D6A00E609F1 /* Resources */,
			);
			buildRules = (
			);
			dependencies = (
				71F67B6E192C8D6A00E609F1 /* PBXTargetDependency */,
			);
			name = "Recipe AppTests";
			productName = "Recipe AppTests";
			productReference = 71F67B68192C8D6A00E609F1 /* Recipe AppTests.xctest */;
			productType = "com.apple.product-type.bundle.unit-test";
		};
/* End PBXNativeTarget section */

/* Begin PBXProject section */
		71F67B45192C8D6A00E609F1 /* Project object */ = {
			isa = PBXProject;
			attributes = {
				CLASSPREFIX = RA;
				LastUpgradeCheck = 0510;
				ORGANIZATIONNAME = DevMountain;
				TargetAttributes = {
					71F67B67192C8D6A00E609F1 = {
						TestTargetID = 71F67B4C192C8D6A00E609F1;
					};
				};
			};
			buildConfigurationList = 71F67B48192C8D6A00E609F1 /* Build configuration list for PBXProject "Recipe App" */;
			compatibilityVersion = "Xcode 3.2";
			developmentRegion = English;
			hasScannedForEncodings = 0;
			knownRegions = (
				en,
			);
			mainGroup = 71F67B44192C8D6A00E609F1;
			productRefGroup = 71F67B4E192C8D6A00E609F1 /* Products */;
			projectDirPath = "";
			projectRoot = "";
			targets = (
				71F67B4C192C8D6A00E609F1 /* Recipe App */,
				71F67B67192C8D6A00E609F1 /* Recipe AppTests */,
			);
		};
/* End PBXProject section */

/* Begin PBXResourcesBuildPhase section */
		71F67B4B192C8D6A00E609F1 /* Resources */ = {
			isa = PBXResourcesBuildPhase;
			buildActionMask = 2147483647;
			files = (
				71F67B5B192C8D6A00E609F1 /* InfoPlist.strings in Resources */,
				71F67B63192C8D6A00E609F1 /* Images.xcassets in Resources */,
			);
			runOnlyForDeploymentPostprocessing = 0;
		};
		71F67B66192C8D6A00E609F1 /* Resources */ = {
			isa = PBXResourcesBuildPhase;
			buildActionMask = 2147483647;
			files = (
				71F67B74192C8D6A00E609F1 /* InfoPlist.strings in Resources */,
			);
			runOnlyForDeploymentPostprocessing = 0;
		};
/* End PBXResourcesBuildPhase section */

/* Begin PBXSourcesBuildPhase section */
		71F67B49192C8D6A00E609F1 /* Sources */ = {
			isa = PBXSourcesBuildPhase;
			buildActionMask = 2147483647;
			files = (
				71F67B5D192C8D6A00E609F1 /* main.m in Sources */,
				71F67B61192C8D6A00E609F1 /* RAAppDelegate.m in Sources */,
			);
			runOnlyForDeploymentPostprocessing = 0;
		};
		71F67B64192C8D6A00E609F1 /* Sources */ = {
			isa = PBXSourcesBuildPhase;
			buildActionMask = 2147483647;
			files = (
				71F67B76192C8D6A00E609F1 /* Recipe_AppTests.m in Sources */,
			);
			runOnlyForDeploymentPostprocessing = 0;
		};
/* End PBXSourcesBuildPhase section */

/* Begin PBXTargetDependency section */
		71F67B6E192C8D6A00E609F1 /* PBXTargetDependency */ = {
			isa = PBXTargetDependency;
			target = 71F67B4C192C8D6A00E609F1 /* Recipe App */;
			targetProxy = 71F67B6D192C8D6A00E609F1 /* PBXContainerItemProxy */;
		};
/* End PBXTargetDependency section */

/* Begin PBXVariantGroup section */
		71F67B59192C8D6A00E609F1 /* InfoPlist.strings */ = {
			isa = PBXVariantGroup;
			children = (
				71F67B5A192C8D6A00E609F1 /* en */,
			);
			name = InfoPlist.strings;
			sourceTree = "<group>";
		};
		71F67B72192C8D6A00E609F1 /* InfoPlist.strings */ = {
			isa = PBXVariantGroup;
			children = (
				71F67B73192C8D6A00E609F1 /* en */,
			);
			name = InfoPlist.strings;
			sourceTree = "<group>";
		};
/* End PBXVariantGroup section */

/* Begin XCBuildConfiguration section */
		71F67B77192C8D6A00E609F1 /* Debug */ = {
			isa = XCBuildConfiguration;
			buildSettings = {
				ALWAYS_SEARCH_USER_PATHS = NO;
				CLANG_CXX_LANGUAGE_STANDARD = "gnu++0x";
				CLANG_CXX_LIBRARY = "libc++";
				CLANG_ENABLE_MODULES = YES;
				CLANG_ENABLE_OBJC_ARC = YES;
				CLANG_WARN_BOOL_CONVERSION = YES;
				CLANG_WARN_CONSTANT_CONVERSION = YES;
				CLANG_WARN_DIRECT_OBJC_ISA_USAGE = YES_ERROR;
				CLANG_WARN_EMPTY_BODY = YES;
				CLANG_WARN_ENUM_CONVERSION = YES;
				CLANG_WARN_INT_CONVERSION = YES;
				CLANG_WARN_OBJC_ROOT_CLASS = YES_ERROR;
				CLANG_WARN__DUPLICATE_METHOD_MATCH = YES;
				"CODE_SIGN_IDENTITY[sdk=iphoneos*]" = "iPhone Developer";
				COPY_PHASE_STRIP = NO;
				GCC_C_LANGUAGE_STANDARD = gnu99;
				GCC_DYNAMIC_NO_PIC = NO;
				GCC_OPTIMIZATION_LEVEL = 0;
				GCC_PREPROCESSOR_DEFINITIONS = (
					"DEBUG=1",
					"$(inherited)",
				);
				GCC_SYMBOLS_PRIVATE_EXTERN = NO;
				GCC_WARN_64_TO_32_BIT_CONVERSION = YES;
				GCC_WARN_ABOUT_RETURN_TYPE = YES_ERROR;
				GCC_WARN_UNDECLARED_SELECTOR = YES;
				GCC_WARN_UNINITIALIZED_AUTOS = YES_AGGRESSIVE;
				GCC_WARN_UNUSED_FUNCTION = YES;
				GCC_WARN_UNUSED_VARIABLE = YES;
				IPHONEOS_DEPLOYMENT_TARGET = 7.1;
				ONLY_ACTIVE_ARCH = YES;
				SDKROOT = iphoneos;
			};
			name = Debug;
		};
		71F67B78192C8D6A00E609F1 /* Release */ = {
			isa = XCBuildConfiguration;
			buildSettings = {
				ALWAYS_SEARCH_USER_PATHS = NO;
				CLANG_CXX_LANGUAGE_STANDARD = "gnu++0x";
				CLANG_CXX_LIBRARY = "libc++";
				CLANG_ENABLE_MODULES = YES;
				CLANG_ENABLE_OBJC_ARC = YES;
				CLANG_WARN_BOOL_CONVERSION = YES;
				CLANG_WARN_CONSTANT_CONVERSION = YES;
				CLANG_WARN_DIRECT_OBJC_ISA_USAGE = YES_ERROR;
				CLANG_WARN_EMPTY_BODY = YES;
				CLANG_WARN_ENUM_CONVERSION = YES;
				CLANG_WARN_INT_CONVERSION = YES;
				CLANG_WARN_OBJC_ROOT_CLASS = YES_ERROR;
				CLANG_WARN__DUPLICATE_METHOD_MATCH = YES;
				"CODE_SIGN_IDENTITY[sdk=iphoneos*]" = "iPhone Developer";
				COPY_PHASE_STRIP = YES;
				ENABLE_NS_ASSERTIONS = NO;
				GCC_C_LANGUAGE_STANDARD = gnu99;
				GCC_WARN_64_TO_32_BIT_CONVERSION = YES;
				GCC_WARN_ABOUT_RETURN_TYPE = YES_ERROR;
				GCC_WARN_UNDECLARED_SELECTOR = YES;
				GCC_WARN_UNINITIALIZED_AUTOS = YES_AGGRESSIVE;
				GCC_WARN_UNUSED_FUNCTION = YES;
				GCC_WARN_UNUSED_VARIABLE = YES;
				IPHONEOS_DEPLOYMENT_TARGET = 7.1;
				SDKROOT = iphoneos;
				VALIDATE_PRODUCT = YES;
			};
			name = Release;
		};
		71F67B7A192C8D6A00E609F1 /* Debug */ = {
			isa = XCBuildConfiguration;
			buildSettings = {
				ASSETCATALOG_COMPILER_APPICON_NAME = AppIcon;
				ASSETCATALOG_COMPILER_LAUNCHIMAGE_NAME = LaunchImage;
				GCC_PRECOMPILE_PREFIX_HEADER = YES;
				GCC_PREFIX_HEADER = "Recipe App/Recipe App-Prefix.pch";
				INFOPLIST_FILE = "Recipe App/Recipe App-Info.plist";
				PRODUCT_NAME = "$(TARGET_NAME)";
				WRAPPER_EXTENSION = app;
			};
			name = Debug;
		};
		71F67B7B192C8D6A00E609F1 /* Release */ = {
			isa = XCBuildConfiguration;
			buildSettings = {
				ASSETCATALOG_COMPILER_APPICON_NAME = AppIcon;
				ASSETCATALOG_COMPILER_LAUNCHIMAGE_NAME = LaunchImage;
				GCC_PRECOMPILE_PREFIX_HEADER = YES;
				GCC_PREFIX_HEADER = "Recipe App/Recipe App-Prefix.pch";
				INFOPLIST_FILE = "Recipe App/Recipe App-Info.plist";
				PRODUCT_NAME = "$(TARGET_NAME)";
				WRAPPER_EXTENSION = app;
			};
			name = Release;
		};
		71F67B7D192C8D6A00E609F1 /* Debug */ = {
			isa = XCBuildConfiguration;
			buildSettings = {
				BUNDLE_LOADER = "$(BUILT_PRODUCTS_DIR)/Recipe App.app/Recipe App";
				FRAMEWORK_SEARCH_PATHS = (
					"$(SDKROOT)/Developer/Library/Frameworks",
					"$(inherited)",
					"$(DEVELOPER_FRAMEWORKS_DIR)",
				);
				GCC_PRECOMPILE_PREFIX_HEADER = YES;
				GCC_PREFIX_HEADER = "Recipe App/Recipe App-Prefix.pch";
				GCC_PREPROCESSOR_DEFINITIONS = (
					"DEBUG=1",
					"$(inherited)",
				);
				INFOPLIST_FILE = "Recipe AppTests/Recipe AppTests-Info.plist";
				PRODUCT_NAME = "$(TARGET_NAME)";
				TEST_HOST = "$(BUNDLE_LOADER)";
				WRAPPER_EXTENSION = xctest;
			};
			name = Debug;
		};
		71F67B7E192C8D6A00E609F1 /* Release */ = {
			isa = XCBuildConfiguration;
			buildSettings = {
				BUNDLE_LOADER = "$(BUILT_PRODUCTS_DIR)/Recipe App.app/Recipe App";
				FRAMEWORK_SEARCH_PATHS = (
					"$(SDKROOT)/Developer/Library/Frameworks",
					"$(inherited)",
					"$(DEVELOPER_FRAMEWORKS_DIR)",
				);
				GCC_PRECOMPILE_PREFIX_HEADER = YES;
				GCC_PREFIX_HEADER = "Recipe App/Recipe App-Prefix.pch";
				INFOPLIST_FILE = "Recipe AppTests/Recipe AppTests-Info.plist";
				PRODUCT_NAME = "$(TARGET_NAME)";
				TEST_HOST = "$(BUNDLE_LOADER)";
				WRAPPER_EXTENSION = xctest;
			};
			name = Release;
		};
/* End XCBuildConfiguration section */

/* Begin XCConfigurationList section */
		71F67B48192C8D6A00E609F1 /* Build configuration list for PBXProject "Recipe App" */ = {
			isa = XCConfigurationList;
			buildConfigurations = (
				71F67B77192C8D6A00E609F1 /* Debug */,
				71F67B78192C8D6A00E609F1 /* Release */,
			);
			defaultConfigurationIsVisible = 0;
			defaultConfigurationName = Release;
		};
		71F67B79192C8D6A00E609F1 /* Build configuration list for PBXNativeTarget "Recipe App" */ = {
			isa = XCConfigurationList;
			buildConfigurations = (
				71F67B7A192C8D6A00E609F1 /* Debug */,
				71F67B7B192C8D6A00E609F1 /* Release */,
			);
			defaultConfigurationIsVisible = 0;
		};
		71F67B7C192C8D6A00E609F1 /* Build configuration list for PBXNativeTarget "Recipe AppTests" */ = {
			isa = XCConfigurationList;
			buildConfigurations = (
				71F67B7D192C8D6A00E609F1 /* Debug */,
				71F67B7E192C8D6A00E609F1 /* Release */,
			);
			defaultConfigurationIsVisible = 0;
		};
/* End XCConfigurationList section */
	};
	rootObject = 71F67B45192C8D6A00E609F1 /* Project object */;
}
